
Microsoft Visual Studio Solution File, Format Version 12.00
# Visual Studio Version 17
VisualStudioVersion = 17.1.32319.34
MinimumVisualStudioVersion = 10.0.40219.1
Project("{2150E333-8FDC-42A3-9474-1A3956D46DE8}") = "src", "src", "{25916FE7-3DD0-47CB-9CED-C38BA40DD2BC}"
EndProject
Project("{2150E333-8FDC-42A3-9474-1A3956D46DE8}") = "test", "test", "{C417DFF9-7B78-4FE7-AD76-E86A413224C9}"
EndProject
Project("{2150E333-8FDC-42A3-9474-1A3956D46DE8}") = "API", "API", "{AA69D089-5511-4F1A-A8DE-8B5179D0BF14}"
EndProject
Project("{2150E333-8FDC-42A3-9474-1A3956D46DE8}") = "Core", "Core", "{4EBA07C4-DD2E-4A6F-82DE-6079A43114B1}"
EndProject
Project("{2150E333-8FDC-42A3-9474-1A3956D46DE8}") = "Infrastructure", "Infrastructure", "{379925F1-43F7-4800-BCAE-3E5F82795497}"
EndProject
Project("{9A19103F-16F7-4668-BE54-9A1E7A4F7556}") = "Apep.Domain", "Apep.Domain\Apep.Domain.csproj", "{CFCB03A4-5325-4041-9AD8-6025BA65CE2F}"
EndProject
Project("{9A19103F-16F7-4668-BE54-9A1E7A4F7556}") = "Apep.Application", "Apep.Application\Apep.Application.csproj", "{CAD4EF60-95B6-4CEB-97E2-923B4652247C}"
EndProject
Project("{9A19103F-16F7-4668-BE54-9A1E7A4F7556}") = "Apep.Identity", "Apep.Identity\Apep.Identity.csproj", "{A7BFE122-0DB2-4C7D-AD5F-D6CA30789172}"
EndProject
Project("{9A19103F-16F7-4668-BE54-9A1E7A4F7556}") = "Apep.Persistence", "Apep.Persistence\Apep.Persistence.csproj", "{6F87E2B0-6EC1-4A4B-8A38-C8C9D03F70F4}"
EndProject
Project("{9A19103F-16F7-4668-BE54-9A1E7A4F7556}") = "Apep.API", "Apep.API\Apep.API.csproj", "{94159850-D5DD-42C4-8D6C-68FE2786A8A7}"
EndProject
Project("{9A19103F-16F7-4668-BE54-9A1E7A4F7556}") = "Apep.Infrastructure", "Apep.Infrastructure\Apep.Infrastructure.csproj", "{690C4622-0488-4828-9139-80AE94D6094A}"
EndProject
Project("{FAE04EC0-301F-11D3-BF4B-00C04F79EFBC}") = "Apep.Application.UnitTests", "Apep.Application.UnitTests\Apep.Application.UnitTests.csproj", "{93D194BF-9C84-4F0E-A6DC-C84A43EEA73A}"
EndProject
Global
	GlobalSection(SolutionConfigurationPlatforms) = preSolution
		Debug|Any CPU = Debug|Any CPU
		Release|Any CPU = Release|Any CPU
	EndGlobalSection
	GlobalSection(ProjectConfigurationPlatforms) = postSolution
		{CFCB03A4-5325-4041-9AD8-6025BA65CE2F}.Debug|Any CPU.ActiveCfg = Debug|Any CPU
		{CFCB03A4-5325-4041-9AD8-6025BA65CE2F}.Debug|Any CPU.Build.0 = Debug|Any CPU
		{CFCB03A4-5325-4041-9AD8-6025BA65CE2F}.Release|Any CPU.ActiveCfg = Release|Any CPU
		{CFCB03A4-5325-4041-9AD8-6025BA65CE2F}.Release|Any CPU.Build.0 = Release|Any CPU
		{CAD4EF60-95B6-4CEB-97E2-923B4652247C}.Debug|Any CPU.ActiveCfg = Debug|Any CPU
		{CAD4EF60-95B6-4CEB-97E2-923B4652247C}.Debug|Any CPU.Build.0 = Debug|Any CPU
		{CAD4EF60-95B6-4CEB-97E2-923B4652247C}.Release|Any CPU.ActiveCfg = Release|Any CPU
		{CAD4EF60-95B6-4CEB-97E2-923B4652247C}.Release|Any CPU.Build.0 = Release|Any CPU
		{A7BFE122-0DB2-4C7D-AD5F-D6CA30789172}.Debug|Any CPU.ActiveCfg = Debug|Any CPU
		{A7BFE122-0DB2-4C7D-AD5F-D6CA30789172}.Debug|Any CPU.Build.0 = Debug|Any CPU
		{A7BFE122-0DB2-4C7D-AD5F-D6CA30789172}.Release|Any CPU.ActiveCfg = Release|Any CPU
		{A7BFE122-0DB2-4C7D-AD5F-D6CA30789172}.Release|Any CPU.Build.0 = Release|Any CPU
		{6F87E2B0-6EC1-4A4B-8A38-C8C9D03F70F4}.Debug|Any CPU.ActiveCfg = Debug|Any CPU
		{6F87E2B0-6EC1-4A4B-8A38-C8C9D03F70F4}.Debug|Any CPU.Build.0 = Debug|Any CPU
		{6F87E2B0-6EC1-4A4B-8A38-C8C9D03F70F4}.Release|Any CPU.ActiveCfg = Release|Any CPU
		{6F87E2B0-6EC1-4A4B-8A38-C8C9D03F70F4}.Release|Any CPU.Build.0 = Release|Any CPU
		{94159850-D5DD-42C4-8D6C-68FE2786A8A7}.Debug|Any CPU.ActiveCfg = Debug|Any CPU
		{94159850-D5DD-42C4-8D6C-68FE2786A8A7}.Debug|Any CPU.Build.0 = Debug|Any CPU
		{94159850-D5DD-42C4-8D6C-68FE2786A8A7}.Release|Any CPU.ActiveCfg = Release|Any CPU
		{94159850-D5DD-42C4-8D6C-68FE2786A8A7}.Release|Any CPU.Build.0 = Release|Any CPU
		{690C4622-0488-4828-9139-80AE94D6094A}.Debug|Any CPU.ActiveCfg = Debug|Any CPU
		{690C4622-0488-4828-9139-80AE94D6094A}.Debug|Any CPU.Build.0 = Debug|Any CPU
		{690C4622-0488-4828-9139-80AE94D6094A}.Release|Any CPU.ActiveCfg = Release|Any CPU
		{690C4622-0488-4828-9139-80AE94D6094A}.Release|Any CPU.Build.0 = Release|Any CPU
		{93D194BF-9C84-4F0E-A6DC-C84A43EEA73A}.Debug|Any CPU.ActiveCfg = Debug|Any CPU
		{93D194BF-9C84-4F0E-A6DC-C84A43EEA73A}.Debug|Any CPU.Build.0 = Debug|Any CPU
		{93D194BF-9C84-4F0E-A6DC-C84A43EEA73A}.Release|Any CPU.ActiveCfg = Release|Any CPU
		{93D194BF-9C84-4F0E-A6DC-C84A43EEA73A}.Release|Any CPU.Build.0 = Release|Any CPU
	EndGlobalSection
	GlobalSection(SolutionProperties) = preSolution
		HideSolutionNode = FALSE
	EndGlobalSection
	GlobalSection(NestedProjects) = preSolution
		{AA69D089-5511-4F1A-A8DE-8B5179D0BF14} = {25916FE7-3DD0-47CB-9CED-C38BA40DD2BC}
		{4EBA07C4-DD2E-4A6F-82DE-6079A43114B1} = {25916FE7-3DD0-47CB-9CED-C38BA40DD2BC}
		{379925F1-43F7-4800-BCAE-3E5F82795497} = {25916FE7-3DD0-47CB-9CED-C38BA40DD2BC}
		{CFCB03A4-5325-4041-9AD8-6025BA65CE2F} = {4EBA07C4-DD2E-4A6F-82DE-6079A43114B1}
		{CAD4EF60-95B6-4CEB-97E2-923B4652247C} = {4EBA07C4-DD2E-4A6F-82DE-6079A43114B1}
		{A7BFE122-0DB2-4C7D-AD5F-D6CA30789172} = {379925F1-43F7-4800-BCAE-3E5F82795497}
		{6F87E2B0-6EC1-4A4B-8A38-C8C9D03F70F4} = {379925F1-43F7-4800-BCAE-3E5F82795497}
		{94159850-D5DD-42C4-8D6C-68FE2786A8A7} = {AA69D089-5511-4F1A-A8DE-8B5179D0BF14}
		{690C4622-0488-4828-9139-80AE94D6094A} = {379925F1-43F7-4800-BCAE-3E5F82795497}
		{93D194BF-9C84-4F0E-A6DC-C84A43EEA73A} = {C417DFF9-7B78-4FE7-AD76-E86A413224C9}
	EndGlobalSection
	GlobalSection(ExtensibilityGlobals) = postSolution
		SolutionGuid = {D6A9E2F3-AD68-4253-9A23-F3B8A21063C1}
	EndGlobalSection
EndGlobal
